
Microsoft Visual Studio Solution File, Format Version 12.00
# Visual Studio Version 17
VisualStudioVersion = 17.11.35303.130
MinimumVisualStudioVersion = 10.0.40219.1
Project("{FAE04EC0-301F-11D3-BF4B-00C04F79EFBC}") = "EmergencyServices", "EmergencyServices\EmergencyServices.csproj", "{DD0546D1-6589-4B68-95AD-7CBF20CB6413}"
EndProject
Project("{FAE04EC0-301F-11D3-BF4B-00C04F79EFBC}") = "EmergencyServices_Group8_Tests", "EmergencyServices_Group8_Tests\EmergencyServices_Group8_Tests.csproj", "{93FB136E-B351-4955-B05F-878BF241E5B2}"
	ProjectSection(ProjectDependencies) = postProject
		{DD0546D1-6589-4B68-95AD-7CBF20CB6413} = {DD0546D1-6589-4B68-95AD-7CBF20CB6413}
	EndProjectSection
EndProject
Global
	GlobalSection(SolutionConfigurationPlatforms) = preSolution
		Debug|Any CPU = Debug|Any CPU
		Release|Any CPU = Release|Any CPU
	EndGlobalSection
	GlobalSection(ProjectConfigurationPlatforms) = postSolution
		{DD0546D1-6589-4B68-95AD-7CBF20CB6413}.Debug|Any CPU.ActiveCfg = Debug|Any CPU
		{DD0546D1-6589-4B68-95AD-7CBF20CB6413}.Debug|Any CPU.Build.0 = Debug|Any CPU
		{DD0546D1-6589-4B68-95AD-7CBF20CB6413}.Release|Any CPU.ActiveCfg = Release|Any CPU
		{DD0546D1-6589-4B68-95AD-7CBF20CB6413}.Release|Any CPU.Build.0 = Release|Any CPU
		{93FB136E-B351-4955-B05F-878BF241E5B2}.Debug|Any CPU.ActiveCfg = Debug|Any CPU
		{93FB136E-B351-4955-B05F-878BF241E5B2}.Debug|Any CPU.Build.0 = Debug|Any CPU
		{93FB136E-B351-4955-B05F-878BF241E5B2}.Release|Any CPU.ActiveCfg = Release|Any CPU
		{93FB136E-B351-4955-B05F-878BF241E5B2}.Release|Any CPU.Build.0 = Release|Any CPU
	EndGlobalSection
	GlobalSection(SolutionProperties) = preSolution
		HideSolutionNode = FALSE
	EndGlobalSection
	GlobalSection(ExtensibilityGlobals) = postSolution
		SolutionGuid = {4E2B5F84-751F-4A86-AFDB-BA03EEED8B8D}
	EndGlobalSection
EndGlobal
